// !$*UTF8*$!
{
	archiveVersion = 1;
	classes = {
	};
	objectVersion = 46;
	objects = {

/* Begin PBXBuildFile section */
		A699F20D1D54C106005F7B44 /* StretchyHeader.storyboard in Resources */ = {isa = PBXBuildFile; fileRef = A699F20C1D54C106005F7B44 /* StretchyHeader.storyboard */; };
		A699F20F1D54C154005F7B44 /* StretchyHeaderTVC.swift in Sources */ = {isa = PBXBuildFile; fileRef = A699F20E1D54C154005F7B44 /* StretchyHeaderTVC.swift */; };
		A699F2111D54C1B8005F7B44 /* Place.swift in Sources */ = {isa = PBXBuildFile; fileRef = A699F2101D54C1B8005F7B44 /* Place.swift */; };
		A6A256631D546D6600BF963A /* GlobalFunctions.swift in Sources */ = {isa = PBXBuildFile; fileRef = A6A256621D546D6600BF963A /* GlobalFunctions.swift */; };
		A6A256661D546EED00BF963A /* PullRefreshView.swift in Sources */ = {isa = PBXBuildFile; fileRef = A6A256651D546EED00BF963A /* PullRefreshView.swift */; };
		A6A256691D54738C00BF963A /* SwiftExtentions.swift in Sources */ = {isa = PBXBuildFile; fileRef = A6A256681D54738C00BF963A /* SwiftExtentions.swift */; };
		A6CD92A71D54228100A9970C /* AppDelegate.swift in Sources */ = {isa = PBXBuildFile; fileRef = A6CD92A61D54228100A9970C /* AppDelegate.swift */; };
		A6CD92AC1D54228100A9970C /* Main.storyboard in Resources */ = {isa = PBXBuildFile; fileRef = A6CD92AA1D54228100A9970C /* Main.storyboard */; };
		A6CD92AE1D54228100A9970C /* Assets.xcassets in Resources */ = {isa = PBXBuildFile; fileRef = A6CD92AD1D54228100A9970C /* Assets.xcassets */; };
		A6CD92B11D54228100A9970C /* LaunchScreen.storyboard in Resources */ = {isa = PBXBuildFile; fileRef = A6CD92AF1D54228100A9970C /* LaunchScreen.storyboard */; };
		A6CD92BC1D54228100A9970C /* MSAnimationsTests.swift in Sources */ = {isa = PBXBuildFile; fileRef = A6CD92BB1D54228100A9970C /* MSAnimationsTests.swift */; };
		A6CD92C71D5424E800A9970C /* MSMainTVC.swift in Sources */ = {isa = PBXBuildFile; fileRef = A6CD92C61D5424E800A9970C /* MSMainTVC.swift */; };
		A6E06B881D5761D400DC5CA7 /* eraseImageViewController.m in Sources */ = {isa = PBXBuildFile; fileRef = A6E06B851D5761D400DC5CA7 /* eraseImageViewController.m */; };
		A6E06B891D5761D400DC5CA7 /* eraseImageViewController.xib in Resources */ = {isa = PBXBuildFile; fileRef = A6E06B871D5761D400DC5CA7 /* eraseImageViewController.xib */; };
		A6EFBD251D55829800BB19F3 /* GradientVC.swift in Sources */ = {isa = PBXBuildFile; fileRef = A6EFBD241D55829800BB19F3 /* GradientVC.swift */; };
		A6EFBD271D55847B00BB19F3 /* LoadingLabel.swift in Sources */ = {isa = PBXBuildFile; fileRef = A6EFBD261D55847B00BB19F3 /* LoadingLabel.swift */; };
		A6EFBD291D55B77600BB19F3 /* BallView.swift in Sources */ = {isa = PBXBuildFile; fileRef = A6EFBD281D55B77600BB19F3 /* BallView.swift */; };
		A6EFBD2B1D55B77C00BB19F3 /* HeaderView.swift in Sources */ = {isa = PBXBuildFile; fileRef = A6EFBD2A1D55B77C00BB19F3 /* HeaderView.swift */; };
		A6EFBD2D1D55B78300BB19F3 /* WaveView.swift in Sources */ = {isa = PBXBuildFile; fileRef = A6EFBD2C1D55B78300BB19F3 /* WaveView.swift */; };
		A6EFBD2F1D55B78D00BB19F3 /* PullToRefleshView.swift in Sources */ = {isa = PBXBuildFile; fileRef = A6EFBD2E1D55B78D00BB19F3 /* PullToRefleshView.swift */; };
		A6EFBD331D55B8F000BB19F3 /* PullToRefreshVC.swift in Sources */ = {isa = PBXBuildFile; fileRef = A6EFBD321D55B8F000BB19F3 /* PullToRefreshVC.swift */; };
		A6F9D47E1D570B70009EFFE9 /* MSUnlockVC.swift in Sources */ = {isa = PBXBuildFile; fileRef = A6F9D47C1D570B70009EFFE9 /* MSUnlockVC.swift */; };
		A6F9D47F1D570B70009EFFE9 /* MSUnlockVC.xib in Resources */ = {isa = PBXBuildFile; fileRef = A6F9D47D1D570B70009EFFE9 /* MSUnlockVC.xib */; };
/* End PBXBuildFile section */

/* Begin PBXContainerItemProxy section */
		A6CD92B81D54228100A9970C /* PBXContainerItemProxy */ = {
			isa = PBXContainerItemProxy;
			containerPortal = A6CD929B1D54228000A9970C /* Project object */;
			proxyType = 1;
			remoteGlobalIDString = A6CD92A21D54228000A9970C;
			remoteInfo = MSAnimations;
		};
/* End PBXContainerItemProxy section */

/* Begin PBXFileReference section */
		A699F20C1D54C106005F7B44 /* StretchyHeader.storyboard */ = {isa = PBXFileReference; fileEncoding = 4; lastKnownFileType = file.storyboard; path = StretchyHeader.storyboard; sourceTree = "<group>"; };
		A699F20E1D54C154005F7B44 /* StretchyHeaderTVC.swift */ = {isa = PBXFileReference; fileEncoding = 4; lastKnownFileType = sourcecode.swift; path = StretchyHeaderTVC.swift; sourceTree = "<group>"; };
		A699F2101D54C1B8005F7B44 /* Place.swift */ = {isa = PBXFileReference; fileEncoding = 4; lastKnownFileType = sourcecode.swift; path = Place.swift; sourceTree = "<group>"; };
		A6A256621D546D6600BF963A /* GlobalFunctions.swift */ = {isa = PBXFileReference; fileEncoding = 4; lastKnownFileType = sourcecode.swift; path = GlobalFunctions.swift; sourceTree = "<group>"; };
		A6A256651D546EED00BF963A /* PullRefreshView.swift */ = {isa = PBXFileReference; fileEncoding = 4; lastKnownFileType = sourcecode.swift; path = PullRefreshView.swift; sourceTree = "<group>"; };
		A6A256681D54738C00BF963A /* SwiftExtentions.swift */ = {isa = PBXFileReference; fileEncoding = 4; lastKnownFileType = sourcecode.swift; path = SwiftExtentions.swift; sourceTree = "<group>"; };
		A6CD92A31D54228000A9970C /* MSAnimations.app */ = {isa = PBXFileReference; explicitFileType = wrapper.application; includeInIndex = 0; path = MSAnimations.app; sourceTree = BUILT_PRODUCTS_DIR; };
		A6CD92A61D54228100A9970C /* AppDelegate.swift */ = {isa = PBXFileReference; lastKnownFileType = sourcecode.swift; path = AppDelegate.swift; sourceTree = "<group>"; };
		A6CD92AB1D54228100A9970C /* Base */ = {isa = PBXFileReference; lastKnownFileType = file.storyboard; name = Base; path = Base.lproj/Main.storyboard; sourceTree = "<group>"; };
		A6CD92AD1D54228100A9970C /* Assets.xcassets */ = {isa = PBXFileReference; lastKnownFileType = folder.assetcatalog; path = Assets.xcassets; sourceTree = "<group>"; };
		A6CD92B01D54228100A9970C /* Base */ = {isa = PBXFileReference; lastKnownFileType = file.storyboard; name = Base; path = Base.lproj/LaunchScreen.storyboard; sourceTree = "<group>"; };
		A6CD92B21D54228100A9970C /* Info.plist */ = {isa = PBXFileReference; lastKnownFileType = text.plist.xml; path = Info.plist; sourceTree = "<group>"; };
		A6CD92B71D54228100A9970C /* MSAnimationsTests.xctest */ = {isa = PBXFileReference; explicitFileType = wrapper.cfbundle; includeInIndex = 0; path = MSAnimationsTests.xctest; sourceTree = BUILT_PRODUCTS_DIR; };
		A6CD92BB1D54228100A9970C /* MSAnimationsTests.swift */ = {isa = PBXFileReference; lastKnownFileType = sourcecode.swift; path = MSAnimationsTests.swift; sourceTree = "<group>"; };
		A6CD92BD1D54228100A9970C /* Info.plist */ = {isa = PBXFileReference; lastKnownFileType = text.plist.xml; path = Info.plist; sourceTree = "<group>"; };
		A6CD92C61D5424E800A9970C /* MSMainTVC.swift */ = {isa = PBXFileReference; fileEncoding = 4; lastKnownFileType = sourcecode.swift; path = MSMainTVC.swift; sourceTree = "<group>"; };
		A6E06B841D5761D300DC5CA7 /* MSAnimations-Bridging-Header.h */ = {isa = PBXFileReference; lastKnownFileType = sourcecode.c.h; path = "MSAnimations-Bridging-Header.h"; sourceTree = "<group>"; };
		A6E06B851D5761D400DC5CA7 /* eraseImageViewController.m */ = {isa = PBXFileReference; fileEncoding = 4; lastKnownFileType = sourcecode.c.objc; path = eraseImageViewController.m; sourceTree = "<group>"; };
		A6E06B861D5761D400DC5CA7 /* eraseImageViewController.h */ = {isa = PBXFileReference; fileEncoding = 4; lastKnownFileType = sourcecode.c.h; path = eraseImageViewController.h; sourceTree = "<group>"; };
		A6E06B871D5761D400DC5CA7 /* eraseImageViewController.xib */ = {isa = PBXFileReference; fileEncoding = 4; lastKnownFileType = file.xib; path = eraseImageViewController.xib; sourceTree = "<group>"; };
		A6EFBD241D55829800BB19F3 /* GradientVC.swift */ = {isa = PBXFileReference; fileEncoding = 4; lastKnownFileType = sourcecode.swift; path = GradientVC.swift; sourceTree = "<group>"; };
		A6EFBD261D55847B00BB19F3 /* LoadingLabel.swift */ = {isa = PBXFileReference; fileEncoding = 4; lastKnownFileType = sourcecode.swift; path = LoadingLabel.swift; sourceTree = "<group>"; };
		A6EFBD281D55B77600BB19F3 /* BallView.swift */ = {isa = PBXFileReference; fileEncoding = 4; lastKnownFileType = sourcecode.swift; path = BallView.swift; sourceTree = "<group>"; };
		A6EFBD2A1D55B77C00BB19F3 /* HeaderView.swift */ = {isa = PBXFileReference; fileEncoding = 4; lastKnownFileType = sourcecode.swift; path = HeaderView.swift; sourceTree = "<group>"; };
		A6EFBD2C1D55B78300BB19F3 /* WaveView.swift */ = {isa = PBXFileReference; fileEncoding = 4; lastKnownFileType = sourcecode.swift; path = WaveView.swift; sourceTree = "<group>"; };
		A6EFBD2E1D55B78D00BB19F3 /* PullToRefleshView.swift */ = {isa = PBXFileReference; fileEncoding = 4; lastKnownFileType = sourcecode.swift; path = PullToRefleshView.swift; sourceTree = "<group>"; };
		A6EFBD321D55B8F000BB19F3 /* PullToRefreshVC.swift */ = {isa = PBXFileReference; fileEncoding = 4; lastKnownFileType = sourcecode.swift; path = PullToRefreshVC.swift; sourceTree = "<group>"; };
		A6F9D47C1D570B70009EFFE9 /* MSUnlockVC.swift */ = {isa = PBXFileReference; fileEncoding = 4; lastKnownFileType = sourcecode.swift; path = MSUnlockVC.swift; sourceTree = "<group>"; };
		A6F9D47D1D570B70009EFFE9 /* MSUnlockVC.xib */ = {isa = PBXFileReference; fileEncoding = 4; lastKnownFileType = file.xib; path = MSUnlockVC.xib; sourceTree = "<group>"; };
/* End PBXFileReference section */

/* Begin PBXFrameworksBuildPhase section */
		A6CD92A01D54228000A9970C /* Frameworks */ = {
			isa = PBXFrameworksBuildPhase;
			buildActionMask = 2147483647;
			files = (
			);
			runOnlyForDeploymentPostprocessing = 0;
		};
		A6CD92B41D54228100A9970C /* Frameworks */ = {
			isa = PBXFrameworksBuildPhase;
			buildActionMask = 2147483647;
			files = (
			);
			runOnlyForDeploymentPostprocessing = 0;
		};
/* End PBXFrameworksBuildPhase section */

/* Begin PBXGroup section */
		A699F20A1D54C0C4005F7B44 /* Animations */ = {
			isa = PBXGroup;
			children = (
				A6E06B831D5761BF00DC5CA7 /* EraseImageAnimation */,
				A6EFBD211D5580F700BB19F3 /* PullToRefresh */,
				A699F20B1D54C0C4005F7B44 /* StretchyHeader */,
				A6EFBD231D5581B900BB19F3 /* GradientAnimation */,
				A6F9D47B1D570B06009EFFE9 /* LockScreenAnimation */,
			);
			path = Animations;
			sourceTree = "<group>";
		};
		A699F20B1D54C0C4005F7B44 /* StretchyHeader */ = {
			isa = PBXGroup;
			children = (
				A699F20C1D54C106005F7B44 /* StretchyHeader.storyboard */,
				A699F20E1D54C154005F7B44 /* StretchyHeaderTVC.swift */,
				A699F2101D54C1B8005F7B44 /* Place.swift */,
			);
			path = StretchyHeader;
			sourceTree = "<group>";
		};
		A6A256611D546D3B00BF963A /* Helpers */ = {
			isa = PBXGroup;
			children = (
				A6A256621D546D6600BF963A /* GlobalFunctions.swift */,
			);
			path = Helpers;
			sourceTree = "<group>";
		};
		A6A256641D546EB500BF963A /* Views */ = {
			isa = PBXGroup;
			children = (
				A6A256651D546EED00BF963A /* PullRefreshView.swift */,
			);
			path = Views;
			sourceTree = "<group>";
		};
		A6A256671D54730E00BF963A /* Extensions */ = {
			isa = PBXGroup;
			children = (
				A6A256681D54738C00BF963A /* SwiftExtentions.swift */,
			);
			path = Extensions;
			sourceTree = "<group>";
		};
		A6CD929A1D54228000A9970C = {
			isa = PBXGroup;
			children = (
				A6CD92A51D54228100A9970C /* MSAnimations */,
				A6CD92BA1D54228100A9970C /* MSAnimationsTests */,
				A6CD92A41D54228000A9970C /* Products */,
			);
			sourceTree = "<group>";
		};
		A6CD92A41D54228000A9970C /* Products */ = {
			isa = PBXGroup;
			children = (
				A6CD92A31D54228000A9970C /* MSAnimations.app */,
				A6CD92B71D54228100A9970C /* MSAnimationsTests.xctest */,
			);
			name = Products;
			sourceTree = "<group>";
		};
		A6CD92A51D54228100A9970C /* MSAnimations */ = {
			isa = PBXGroup;
			children = (
				A699F20A1D54C0C4005F7B44 /* Animations */,
				A6CD92A61D54228100A9970C /* AppDelegate.swift */,
				A6CD92C61D5424E800A9970C /* MSMainTVC.swift */,
				A6A256671D54730E00BF963A /* Extensions */,
				A6A256641D546EB500BF963A /* Views */,
				A6A256611D546D3B00BF963A /* Helpers */,
				A6EFBD221D55811C00BB19F3 /* Others */,
			);
			path = MSAnimations;
			sourceTree = "<group>";
		};
		A6CD92BA1D54228100A9970C /* MSAnimationsTests */ = {
			isa = PBXGroup;
			children = (
				A6CD92BB1D54228100A9970C /* MSAnimationsTests.swift */,
				A6CD92BD1D54228100A9970C /* Info.plist */,
			);
			path = MSAnimationsTests;
			sourceTree = "<group>";
		};
		A6E06B831D5761BF00DC5CA7 /* EraseImageAnimation */ = {
			isa = PBXGroup;
			children = (
				A6E06B861D5761D400DC5CA7 /* eraseImageViewController.h */,
				A6E06B851D5761D400DC5CA7 /* eraseImageViewController.m */,
				A6E06B871D5761D400DC5CA7 /* eraseImageViewController.xib */,
				A6E06B841D5761D300DC5CA7 /* MSAnimations-Bridging-Header.h */,
			);
			path = EraseImageAnimation;
			sourceTree = "<group>";
		};
		A6EFBD211D5580F700BB19F3 /* PullToRefresh */ = {
			isa = PBXGroup;
			children = (
				A6EFBD321D55B8F000BB19F3 /* PullToRefreshVC.swift */,
				A6EFBD281D55B77600BB19F3 /* BallView.swift */,
				A6EFBD2A1D55B77C00BB19F3 /* HeaderView.swift */,
				A6EFBD2C1D55B78300BB19F3 /* WaveView.swift */,
				A6EFBD2E1D55B78D00BB19F3 /* PullToRefleshView.swift */,
			);
			path = PullToRefresh;
			sourceTree = "<group>";
		};
		A6EFBD221D55811C00BB19F3 /* Others */ = {
			isa = PBXGroup;
			children = (
				A6CD92AA1D54228100A9970C /* Main.storyboard */,
				A6CD92AD1D54228100A9970C /* Assets.xcassets */,
				A6CD92AF1D54228100A9970C /* LaunchScreen.storyboard */,
				A6CD92B21D54228100A9970C /* Info.plist */,
			);
			name = Others;
			sourceTree = "<group>";
		};
		A6EFBD231D5581B900BB19F3 /* GradientAnimation */ = {
			isa = PBXGroup;
			children = (
				A6EFBD241D55829800BB19F3 /* GradientVC.swift */,
				A6EFBD261D55847B00BB19F3 /* LoadingLabel.swift */,
			);
			path = GradientAnimation;
			sourceTree = "<group>";
		};
		A6F9D47B1D570B06009EFFE9 /* LockScreenAnimation */ = {
			isa = PBXGroup;
			children = (
				A6F9D47C1D570B70009EFFE9 /* MSUnlockVC.swift */,
				A6F9D47D1D570B70009EFFE9 /* MSUnlockVC.xib */,
			);
			path = LockScreenAnimation;
			sourceTree = "<group>";
		};
/* End PBXGroup section */

/* Begin PBXNativeTarget section */
		A6CD92A21D54228000A9970C /* MSAnimations */ = {
			isa = PBXNativeTarget;
			buildConfigurationList = A6CD92C01D54228100A9970C /* Build configuration list for PBXNativeTarget "MSAnimations" */;
			buildPhases = (
				A6CD929F1D54228000A9970C /* Sources */,
				A6CD92A01D54228000A9970C /* Frameworks */,
				A6CD92A11D54228000A9970C /* Resources */,
			);
			buildRules = (
			);
			dependencies = (
			);
			name = MSAnimations;
			productName = MSAnimations;
			productReference = A6CD92A31D54228000A9970C /* MSAnimations.app */;
			productType = "com.apple.product-type.application";
		};
		A6CD92B61D54228100A9970C /* MSAnimationsTests */ = {
			isa = PBXNativeTarget;
			buildConfigurationList = A6CD92C31D54228100A9970C /* Build configuration list for PBXNativeTarget "MSAnimationsTests" */;
			buildPhases = (
				A6CD92B31D54228100A9970C /* Sources */,
				A6CD92B41D54228100A9970C /* Frameworks */,
				A6CD92B51D54228100A9970C /* Resources */,
			);
			buildRules = (
			);
			dependencies = (
				A6CD92B91D54228100A9970C /* PBXTargetDependency */,
			);
			name = MSAnimationsTests;
			productName = MSAnimationsTests;
			productReference = A6CD92B71D54228100A9970C /* MSAnimationsTests.xctest */;
			productType = "com.apple.product-type.bundle.unit-test";
		};
/* End PBXNativeTarget section */

/* Begin PBXProject section */
		A6CD929B1D54228000A9970C /* Project object */ = {
			isa = PBXProject;
			attributes = {
				LastSwiftUpdateCheck = 0730;
				LastUpgradeCheck = 0730;
				ORGANIZATIONNAME = mr.scorpion;
				TargetAttributes = {
					A6CD92A21D54228000A9970C = {
						CreatedOnToolsVersion = 7.3.1;
						DevelopmentTeam = GXHE3742MX;
					};
					A6CD92B61D54228100A9970C = {
						CreatedOnToolsVersion = 7.3.1;
						DevelopmentTeam = GXHE3742MX;
						TestTargetID = A6CD92A21D54228000A9970C;
					};
				};
			};
			buildConfigurationList = A6CD929E1D54228000A9970C /* Build configuration list for PBXProject "MSAnimations" */;
			compatibilityVersion = "Xcode 3.2";
			developmentRegion = English;
			hasScannedForEncodings = 0;
			knownRegions = (
				en,
				Base,
			);
			mainGroup = A6CD929A1D54228000A9970C;
			productRefGroup = A6CD92A41D54228000A9970C /* Products */;
			projectDirPath = "";
			projectRoot = "";
			targets = (
				A6CD92A21D54228000A9970C /* MSAnimations */,
				A6CD92B61D54228100A9970C /* MSAnimationsTests */,
			);
		};
/* End PBXProject section */

/* Begin PBXResourcesBuildPhase section */
		A6CD92A11D54228000A9970C /* Resources */ = {
			isa = PBXResourcesBuildPhase;
			buildActionMask = 2147483647;
			files = (
				A6CD92B11D54228100A9970C /* LaunchScreen.storyboard in Resources */,
				A6E06B891D5761D400DC5CA7 /* eraseImageViewController.xib in Resources */,
				A6F9D47F1D570B70009EFFE9 /* MSUnlockVC.xib in Resources */,
				A6CD92AE1D54228100A9970C /* Assets.xcassets in Resources */,
				A6CD92AC1D54228100A9970C /* Main.storyboard in Resources */,
				A699F20D1D54C106005F7B44 /* StretchyHeader.storyboard in Resources */,
			);
			runOnlyForDeploymentPostprocessing = 0;
		};
		A6CD92B51D54228100A9970C /* Resources */ = {
			isa = PBXResourcesBuildPhase;
			buildActionMask = 2147483647;
			files = (
			);
			runOnlyForDeploymentPostprocessing = 0;
		};
/* End PBXResourcesBuildPhase section */

/* Begin PBXSourcesBuildPhase section */
		A6CD929F1D54228000A9970C /* Sources */ = {
			isa = PBXSourcesBuildPhase;
			buildActionMask = 2147483647;
			files = (
				A699F20F1D54C154005F7B44 /* StretchyHeaderTVC.swift in Sources */,
				A6CD92C71D5424E800A9970C /* MSMainTVC.swift in Sources */,
				A6EFBD251D55829800BB19F3 /* GradientVC.swift in Sources */,
				A6EFBD291D55B77600BB19F3 /* BallView.swift in Sources */,
				A6CD92A71D54228100A9970C /* AppDelegate.swift in Sources */,
				A6A256631D546D6600BF963A /* GlobalFunctions.swift in Sources */,
				A6EFBD2F1D55B78D00BB19F3 /* PullToRefleshView.swift in Sources */,
				A6E06B881D5761D400DC5CA7 /* eraseImageViewController.m in Sources */,
				A6A256661D546EED00BF963A /* PullRefreshView.swift in Sources */,
				A6EFBD2D1D55B78300BB19F3 /* WaveView.swift in Sources */,
				A6EFBD2B1D55B77C00BB19F3 /* HeaderView.swift in Sources */,
				A6EFBD271D55847B00BB19F3 /* LoadingLabel.swift in Sources */,
				A6F9D47E1D570B70009EFFE9 /* MSUnlockVC.swift in Sources */,
				A699F2111D54C1B8005F7B44 /* Place.swift in Sources */,
				A6EFBD331D55B8F000BB19F3 /* PullToRefreshVC.swift in Sources */,
				A6A256691D54738C00BF963A /* SwiftExtentions.swift in Sources */,
			);
			runOnlyForDeploymentPostprocessing = 0;
		};
		A6CD92B31D54228100A9970C /* Sources */ = {
			isa = PBXSourcesBuildPhase;
			buildActionMask = 2147483647;
			files = (
				A6CD92BC1D54228100A9970C /* MSAnimationsTests.swift in Sources */,
			);
			runOnlyForDeploymentPostprocessing = 0;
		};
/* End PBXSourcesBuildPhase section */

/* Begin PBXTargetDependency section */
		A6CD92B91D54228100A9970C /* PBXTargetDependency */ = {
			isa = PBXTargetDependency;
			target = A6CD92A21D54228000A9970C /* MSAnimations */;
			targetProxy = A6CD92B81D54228100A9970C /* PBXContainerItemProxy */;
		};
/* End PBXTargetDependency section */

/* Begin PBXVariantGroup section */
		A6CD92AA1D54228100A9970C /* Main.storyboard */ = {
			isa = PBXVariantGroup;
			children = (
				A6CD92AB1D54228100A9970C /* Base */,
			);
			name = Main.storyboard;
			sourceTree = "<group>";
		};
		A6CD92AF1D54228100A9970C /* LaunchScreen.storyboard */ = {
			isa = PBXVariantGroup;
			children = (
				A6CD92B01D54228100A9970C /* Base */,
			);
			name = LaunchScreen.storyboard;
			sourceTree = "<group>";
		};
/* End PBXVariantGroup section */

/* Begin XCBuildConfiguration section */
		A6CD92BE1D54228100A9970C /* Debug */ = {
			isa = XCBuildConfiguration;
			buildSettings = {
				ALWAYS_SEARCH_USER_PATHS = NO;
				CLANG_ANALYZER_NONNULL = YES;
				CLANG_CXX_LANGUAGE_STANDARD = "gnu++0x";
				CLANG_CXX_LIBRARY = "libc++";
				CLANG_ENABLE_MODULES = YES;
				CLANG_ENABLE_OBJC_ARC = YES;
				CLANG_WARN_BOOL_CONVERSION = YES;
				CLANG_WARN_CONSTANT_CONVERSION = YES;
				CLANG_WARN_DIRECT_OBJC_ISA_USAGE = YES_ERROR;
				CLANG_WARN_EMPTY_BODY = YES;
				CLANG_WARN_ENUM_CONVERSION = YES;
				CLANG_WARN_INT_CONVERSION = YES;
				CLANG_WARN_OBJC_ROOT_CLASS = YES_ERROR;
				CLANG_WARN_UNREACHABLE_CODE = YES;
				CLANG_WARN__DUPLICATE_METHOD_MATCH = YES;
				"CODE_SIGN_IDENTITY[sdk=iphoneos*]" = "iPhone Developer";
				COPY_PHASE_STRIP = NO;
				DEBUG_INFORMATION_FORMAT = dwarf;
				ENABLE_STRICT_OBJC_MSGSEND = YES;
				ENABLE_TESTABILITY = YES;
				GCC_C_LANGUAGE_STANDARD = gnu99;
				GCC_DYNAMIC_NO_PIC = NO;
				GCC_NO_COMMON_BLOCKS = YES;
				GCC_OPTIMIZATION_LEVEL = 0;
				GCC_PREPROCESSOR_DEFINITIONS = (
					"DEBUG=1",
					"$(inherited)",
				);
				GCC_WARN_64_TO_32_BIT_CONVERSION = YES;
				GCC_WARN_ABOUT_RETURN_TYPE = YES_ERROR;
				GCC_WARN_UNDECLARED_SELECTOR = YES;
				GCC_WARN_UNINITIALIZED_AUTOS = YES_AGGRESSIVE;
				GCC_WARN_UNUSED_FUNCTION = YES;
				GCC_WARN_UNUSED_VARIABLE = YES;
				IPHONEOS_DEPLOYMENT_TARGET = 9.3;
				MTL_ENABLE_DEBUG_INFO = YES;
				ONLY_ACTIVE_ARCH = YES;
				SDKROOT = iphoneos;
				SWIFT_OPTIMIZATION_LEVEL = "-Onone";
			};
			name = Debug;
		};
		A6CD92BF1D54228100A9970C /* Release */ = {
			isa = XCBuildConfiguration;
			buildSettings = {
				ALWAYS_SEARCH_USER_PATHS = NO;
				CLANG_ANALYZER_NONNULL = YES;
				CLANG_CXX_LANGUAGE_STANDARD = "gnu++0x";
				CLANG_CXX_LIBRARY = "libc++";
				CLANG_ENABLE_MODULES = YES;
				CLANG_ENABLE_OBJC_ARC = YES;
				CLANG_WARN_BOOL_CONVERSION = YES;
				CLANG_WARN_CONSTANT_CONVERSION = YES;
				CLANG_WARN_DIRECT_OBJC_ISA_USAGE = YES_ERROR;
				CLANG_WARN_EMPTY_BODY = YES;
				CLANG_WARN_ENUM_CONVERSION = YES;
				CLANG_WARN_INT_CONVERSION = YES;
				CLANG_WARN_OBJC_ROOT_CLASS = YES_ERROR;
				CLANG_WARN_UNREACHABLE_CODE = YES;
				CLANG_WARN__DUPLICATE_METHOD_MATCH = YES;
				"CODE_SIGN_IDENTITY[sdk=iphoneos*]" = "iPhone Developer";
				COPY_PHASE_STRIP = NO;
				DEBUG_INFORMATION_FORMAT = "dwarf-with-dsym";
				ENABLE_NS_ASSERTIONS = NO;
				ENABLE_STRICT_OBJC_MSGSEND = YES;
				GCC_C_LANGUAGE_STANDARD = gnu99;
				GCC_NO_COMMON_BLOCKS = YES;
				GCC_WARN_64_TO_32_BIT_CONVERSION = YES;
				GCC_WARN_ABOUT_RETURN_TYPE = YES_ERROR;
				GCC_WARN_UNDECLARED_SELECTOR = YES;
				GCC_WARN_UNINITIALIZED_AUTOS = YES_AGGRESSIVE;
				GCC_WARN_UNUSED_FUNCTION = YES;
				GCC_WARN_UNUSED_VARIABLE = YES;
				IPHONEOS_DEPLOYMENT_TARGET = 9.3;
				MTL_ENABLE_DEBUG_INFO = NO;
				SDKROOT = iphoneos;
				VALIDATE_PRODUCT = YES;
			};
			name = Release;
		};
		A6CD92C11D54228100A9970C /* Debug */ = {
			isa = XCBuildConfiguration;
			buildSettings = {
				ASSETCATALOG_COMPILER_APPICON_NAME = AppIcon;
				CLANG_ENABLE_MODULES = YES;
				INFOPLIST_FILE = MSAnimations/Info.plist;
				LD_RUNPATH_SEARCH_PATHS = "$(inherited) @executable_path/Frameworks";
				PRODUCT_BUNDLE_IDENTIFIER = mr.scorpion.MSAnimations;
				PRODUCT_NAME = "$(TARGET_NAME)";
				SWIFT_OBJC_BRIDGING_HEADER = "MSAnimations/Animations/EraseImageAnimation/MSAnimations-Bridging-Header.h";
				SWIFT_OPTIMIZATION_LEVEL = "-Onone";
			};
			name = Debug;
		};
		A6CD92C21D54228100A9970C /* Release */ = {
			isa = XCBuildConfiguration;
			buildSettings = {
				ASSETCATALOG_COMPILER_APPICON_NAME = AppIcon;
				CLANG_ENABLE_MODULES = YES;
				INFOPLIST_FILE = MSAnimations/Info.plist;
				LD_RUNPATH_SEARCH_PATHS = "$(inherited) @executable_path/Frameworks";
				PRODUCT_BUNDLE_IDENTIFIER = mr.scorpion.MSAnimations;
				PRODUCT_NAME = "$(TARGET_NAME)";
				SWIFT_OBJC_BRIDGING_HEADER = "MSAnimations/Animations/EraseImageAnimation/MSAnimations-Bridging-Header.h";
			};
			name = Release;
		};
		A6CD92C41D54228100A9970C /* Debug */ = {
			isa = XCBuildConfiguration;
			buildSettings = {
				BUNDLE_LOADER = "$(TEST_HOST)";
				INFOPLIST_FILE = MSAnimationsTests/Info.plist;
				LD_RUNPATH_SEARCH_PATHS = "$(inherited) @executable_path/Frameworks @loader_path/Frameworks";
				PRODUCT_BUNDLE_IDENTIFIER = mr.scorpion.MSAnimationsTests;
				PRODUCT_NAME = "$(TARGET_NAME)";
				TEST_HOST = "$(BUILT_PRODUCTS_DIR)/MSAnimations.app/MSAnimations";
			};
			name = Debug;
		};
		A6CD92C51D54228100A9970C /* Release */ = {
			isa = XCBuildConfiguration;
			buildSettings = {
				BUNDLE_LOADER = "$(TEST_HOST)";
				INFOPLIST_FILE = MSAnimationsTests/Info.plist;
				LD_RUNPATH_SEARCH_PATHS = "$(inherited) @executable_path/Frameworks @loader_path/Frameworks";
				PRODUCT_BUNDLE_IDENTIFIER = mr.scorpion.MSAnimationsTests;
				PRODUCT_NAME = "$(TARGET_NAME)";
				TEST_HOST = "$(BUILT_PRODUCTS_DIR)/MSAnimations.app/MSAnimations";
			};
			name = Release;
		};
/* End XCBuildConfiguration section */

/* Begin XCConfigurationList section */
		A6CD929E1D54228000A9970C /* Build configuration list for PBXProject "MSAnimations" */ = {
			isa = XCConfigurationList;
			buildConfigurations = (
				A6CD92BE1D54228100A9970C /* Debug */,
				A6CD92BF1D54228100A9970C /* Release */,
			);
			defaultConfigurationIsVisible = 0;
			defaultConfigurationName = Release;
		};
		A6CD92C01D54228100A9970C /* Build configuration list for PBXNativeTarget "MSAnimations" */ = {
			isa = XCConfigurationList;
			buildConfigurations = (
				A6CD92C11D54228100A9970C /* Debug */,
				A6CD92C21D54228100A9970C /* Release */,
			);
			defaultConfigurationIsVisible = 0;
			defaultConfigurationName = Release;
		};
		A6CD92C31D54228100A9970C /* Build configuration list for PBXNativeTarget "MSAnimationsTests" */ = {
			isa = XCConfigurationList;
			buildConfigurations = (
				A6CD92C41D54228100A9970C /* Debug */,
				A6CD92C51D54228100A9970C /* Release */,
			);
			defaultConfigurationIsVisible = 0;
			defaultConfigurationName = Release;
		};
/* End XCConfigurationList section */
	};
	rootObject = A6CD929B1D54228000A9970C /* Project object */;
}
